
Microsoft Visual Studio Solution File, Format Version 12.00
# Visual Studio Version 17
VisualStudioVersion = 17.11.35222.181
MinimumVisualStudioVersion = 10.0.40219.1
Project("{9A19103F-16F7-4668-BE54-9A1E7A4F7556}") = "Voxerra", "Voxerra.csproj", "{3A9EBD15-B39A-4BAA-BB05-0EBE53EBD0FD}"
EndProject
Global
	GlobalSection(SolutionConfigurationPlatforms) = preSolution
		Debug|Any CPU = Debug|Any CPU
		Release|Any CPU = Release|Any CPU
	EndGlobalSection
	GlobalSection(ProjectConfigurationPlatforms) = postSolution
		{3A9EBD15-B39A-4BAA-BB05-0EBE53EBD0FD}.Debug|Any CPU.ActiveCfg = Debug|Any CPU
		{3A9EBD15-B39A-4BAA-BB05-0EBE53EBD0FD}.Debug|Any CPU.Build.0 = Debug|Any CPU
		{3A9EBD15-B39A-4BAA-BB05-0EBE53EBD0FD}.Debug|Any CPU.Deploy.0 = Debug|Any CPU
		{3A9EBD15-B39A-4BAA-BB05-0EBE53EBD0FD}.Release|Any CPU.ActiveCfg = Release|Any CPU
		{3A9EBD15-B39A-4BAA-BB05-0EBE53EBD0FD}.Release|Any CPU.Build.0 = Release|Any CPU
		{3A9EBD15-B39A-4BAA-BB05-0EBE53EBD0FD}.Release|Any CPU.Deploy.0 = Release|Any CPU
	EndGlobalSection
	GlobalSection(SolutionProperties) = preSolution
		HideSolutionNode = FALSE
	EndGlobalSection
	GlobalSection(ExtensibilityGlobals) = postSolution
		SolutionGuid = {EF2AB3D2-1E76-4FB1-8B36-DBD01ED32F2A}
	EndGlobalSection
EndGlobal
